
Microsoft Visual Studio Solution File, Format Version 12.00
# Visual Studio Version 17
VisualStudioVersion = 17.14.36408.4
MinimumVisualStudioVersion = 10.0.40219.1
Project("{FAE04EC0-301F-11D3-BF4B-00C04F79EFBC}") = "GestionDeVentas", "GestionDeVentas\GestionDeVentas.csproj", "{29AA3F04-3657-4D75-BC91-E5C05AE3AF96}"
EndProject
Project("{FAE04EC0-301F-11D3-BF4B-00C04F79EFBC}") = "Modelos", "modelos\Modelos.csproj", "{F7B01518-8649-4052-8FC5-424D03229467}"
EndProject
Project("{FAE04EC0-301F-11D3-BF4B-00C04F79EFBC}") = "Datos", "Datos\Datos.csproj", "{7FA9FEAD-68CE-4350-A64B-B5044C231F33}"
EndProject
Global
	GlobalSection(SolutionConfigurationPlatforms) = preSolution
		Debug|Any CPU = Debug|Any CPU
		Release|Any CPU = Release|Any CPU
	EndGlobalSection
	GlobalSection(ProjectConfigurationPlatforms) = postSolution
		{29AA3F04-3657-4D75-BC91-E5C05AE3AF96}.Debug|Any CPU.ActiveCfg = Debug|Any CPU
		{29AA3F04-3657-4D75-BC91-E5C05AE3AF96}.Debug|Any CPU.Build.0 = Debug|Any CPU
		{29AA3F04-3657-4D75-BC91-E5C05AE3AF96}.Release|Any CPU.ActiveCfg = Release|Any CPU
		{29AA3F04-3657-4D75-BC91-E5C05AE3AF96}.Release|Any CPU.Build.0 = Release|Any CPU
		{F7B01518-8649-4052-8FC5-424D03229467}.Debug|Any CPU.ActiveCfg = Debug|Any CPU
		{F7B01518-8649-4052-8FC5-424D03229467}.Debug|Any CPU.Build.0 = Debug|Any CPU
		{F7B01518-8649-4052-8FC5-424D03229467}.Release|Any CPU.ActiveCfg = Release|Any CPU
		{F7B01518-8649-4052-8FC5-424D03229467}.Release|Any CPU.Build.0 = Release|Any CPU
		{7FA9FEAD-68CE-4350-A64B-B5044C231F33}.Debug|Any CPU.ActiveCfg = Debug|Any CPU
		{7FA9FEAD-68CE-4350-A64B-B5044C231F33}.Debug|Any CPU.Build.0 = Debug|Any CPU
		{7FA9FEAD-68CE-4350-A64B-B5044C231F33}.Release|Any CPU.ActiveCfg = Release|Any CPU
		{7FA9FEAD-68CE-4350-A64B-B5044C231F33}.Release|Any CPU.Build.0 = Release|Any CPU
	EndGlobalSection
	GlobalSection(SolutionProperties) = preSolution
		HideSolutionNode = FALSE
	EndGlobalSection
	GlobalSection(ExtensibilityGlobals) = postSolution
		SolutionGuid = {50D78B70-8052-4C2C-8FE5-6DD9EDA46B4B}
	EndGlobalSection
EndGlobal
